
Microsoft Visual Studio Solution File, Format Version 12.00
# Visual Studio Version 17
VisualStudioVersion = 17.5.002.0
MinimumVisualStudioVersion = 10.0.40219.1
Project("{9A19103F-16F7-4668-BE54-9A1E7A4F7556}") = "SortableBlazorHybrid", "SortableBlazorHybrid.csproj", "{C92557E4-006A-4A9A-AF52-DC8AEA1E7DE4}"
EndProject
Global
	GlobalSection(SolutionConfigurationPlatforms) = preSolution
		Debug|Any CPU = Debug|Any CPU
		Release|Any CPU = Release|Any CPU
	EndGlobalSection
	GlobalSection(ProjectConfigurationPlatforms) = postSolution
		{C92557E4-006A-4A9A-AF52-DC8AEA1E7DE4}.Debug|Any CPU.ActiveCfg = Debug|Any CPU
		{C92557E4-006A-4A9A-AF52-DC8AEA1E7DE4}.Debug|Any CPU.Build.0 = Debug|Any CPU
		{C92557E4-006A-4A9A-AF52-DC8AEA1E7DE4}.Release|Any CPU.ActiveCfg = Release|Any CPU
		{C92557E4-006A-4A9A-AF52-DC8AEA1E7DE4}.Release|Any CPU.Build.0 = Release|Any CPU
	EndGlobalSection
	GlobalSection(SolutionProperties) = preSolution
		HideSolutionNode = FALSE
	EndGlobalSection
	GlobalSection(ExtensibilityGlobals) = postSolution
		SolutionGuid = {F7EA2E20-93D3-49D8-A811-10E5C83A800F}
	EndGlobalSection
EndGlobal
